
Microsoft Visual Studio Solution File, Format Version 12.00
# Visual Studio Version 17
VisualStudioVersion = 17.9.34728.123
MinimumVisualStudioVersion = 10.0.40219.1
Project("{9A19103F-16F7-4668-BE54-9A1E7A4F7556}") = "AvaloniaMarvel", "AvaloniaMarvel.csproj", "{C0BC7C30-F398-4643-9694-748FC088377A}"
EndProject
Project("{9A19103F-16F7-4668-BE54-9A1E7A4F7556}") = "AvaloniaMarvel.Android", "..\AvaloniaMarvel.Android\AvaloniaMarvel.Android.csproj", "{F32C62F5-139C-4625-9C25-9C91020FF340}"
EndProject
Project("{9A19103F-16F7-4668-BE54-9A1E7A4F7556}") = "AvaloniaMarvel.Desktop", "..\AvaloniaMarvel.Desktop\AvaloniaMarvel.Desktop.csproj", "{629587B5-727C-4C03-8018-34BD49AC049E}"
EndProject
Global
	GlobalSection(SolutionConfigurationPlatforms) = preSolution
		Debug|Any CPU = Debug|Any CPU
		Release|Any CPU = Release|Any CPU
	EndGlobalSection
	GlobalSection(ProjectConfigurationPlatforms) = postSolution
		{C0BC7C30-F398-4643-9694-748FC088377A}.Debug|Any CPU.ActiveCfg = Debug|Any CPU
		{C0BC7C30-F398-4643-9694-748FC088377A}.Debug|Any CPU.Build.0 = Debug|Any CPU
		{C0BC7C30-F398-4643-9694-748FC088377A}.Release|Any CPU.ActiveCfg = Release|Any CPU
		{C0BC7C30-F398-4643-9694-748FC088377A}.Release|Any CPU.Build.0 = Release|Any CPU
		{F32C62F5-139C-4625-9C25-9C91020FF340}.Debug|Any CPU.ActiveCfg = Debug|Any CPU
		{F32C62F5-139C-4625-9C25-9C91020FF340}.Debug|Any CPU.Build.0 = Debug|Any CPU
		{F32C62F5-139C-4625-9C25-9C91020FF340}.Debug|Any CPU.Deploy.0 = Debug|Any CPU
		{F32C62F5-139C-4625-9C25-9C91020FF340}.Release|Any CPU.ActiveCfg = Release|Any CPU
		{F32C62F5-139C-4625-9C25-9C91020FF340}.Release|Any CPU.Build.0 = Release|Any CPU
		{F32C62F5-139C-4625-9C25-9C91020FF340}.Release|Any CPU.Deploy.0 = Release|Any CPU
		{629587B5-727C-4C03-8018-34BD49AC049E}.Debug|Any CPU.ActiveCfg = Debug|Any CPU
		{629587B5-727C-4C03-8018-34BD49AC049E}.Debug|Any CPU.Build.0 = Debug|Any CPU
		{629587B5-727C-4C03-8018-34BD49AC049E}.Release|Any CPU.ActiveCfg = Release|Any CPU
		{629587B5-727C-4C03-8018-34BD49AC049E}.Release|Any CPU.Build.0 = Release|Any CPU
	EndGlobalSection
	GlobalSection(SolutionProperties) = preSolution
		HideSolutionNode = FALSE
	EndGlobalSection
	GlobalSection(ExtensibilityGlobals) = postSolution
		SolutionGuid = {3C10550F-5786-4925-BB77-0DC8B03DE1E3}
	EndGlobalSection
EndGlobal
